
Microsoft Visual Studio Solution File, Format Version 12.00
# Visual Studio Version 17
VisualStudioVersion = 17.2.32616.157
MinimumVisualStudioVersion = 10.0.40219.1
Project("{FAE04EC0-301F-11D3-BF4B-00C04F79EFBC}") = "kalitim", "kalitim\kalitim.csproj", "{0F18207B-49B8-4355-A9C1-177A3A77326E}"
EndProject
Global
	GlobalSection(SolutionConfigurationPlatforms) = preSolution
		Debug|Any CPU = Debug|Any CPU
		Release|Any CPU = Release|Any CPU
	EndGlobalSection
	GlobalSection(ProjectConfigurationPlatforms) = postSolution
		{0F18207B-49B8-4355-A9C1-177A3A77326E}.Debug|Any CPU.ActiveCfg = Debug|Any CPU
		{0F18207B-49B8-4355-A9C1-177A3A77326E}.Debug|Any CPU.Build.0 = Debug|Any CPU
		{0F18207B-49B8-4355-A9C1-177A3A77326E}.Release|Any CPU.ActiveCfg = Release|Any CPU
		{0F18207B-49B8-4355-A9C1-177A3A77326E}.Release|Any CPU.Build.0 = Release|Any CPU
	EndGlobalSection
	GlobalSection(SolutionProperties) = preSolution
		HideSolutionNode = FALSE
	EndGlobalSection
	GlobalSection(ExtensibilityGlobals) = postSolution
		SolutionGuid = {863906B8-D1D5-4C27-9FEB-758F30B1028A}
	EndGlobalSection
EndGlobal
